
Microsoft Visual Studio Solution File, Format Version 12.00
# Visual Studio Version 17
VisualStudioVersion = 17.2.32505.173
MinimumVisualStudioVersion = 10.0.40219.1
Project("{2150E333-8FDC-42A3-9474-1A3956D46DE8}") = "common", "common", "{B9D16BDC-A62F-497D-B891-7483EA1BE2DF}"
	ProjectSection(SolutionItems) = preProject
		Directory.Build.props = Directory.Build.props
		Directory.Build.targets = Directory.Build.targets
		README.md = README.md
		global.json = global.json
		LICENSE = LICENSE
	EndProjectSection
EndProject
Project("{2150E333-8FDC-42A3-9474-1A3956D46DE8}") = "src", "src", "{BBB09BB7-3F56-4DCA-BB0B-54DA4157E27A}"
EndProject
Project("{2150E333-8FDC-42A3-9474-1A3956D46DE8}") = "tests", "tests", "{1BEBED5C-19BB-4193-8DBD-E3F404F087CF}"
EndProject
Project("{FAE04EC0-301F-11D3-BF4B-00C04F79EFBC}") = "MIS.Be.Domain", "src\MIS.Be.Domain\MIS.Be.Domain.csproj", "{BE72EA58-DD14-4CE0-A06E-6D4FEA31F62B}"
EndProject
Project("{FAE04EC0-301F-11D3-BF4B-00C04F79EFBC}") = "MIS.Be.Persistence", "src\MIS.Be.Persistence\MIS.Be.Persistence.csproj", "{F1529FDD-53D6-4DEC-9AC6-9A65253883C1}"
EndProject
Project("{FAE04EC0-301F-11D3-BF4B-00C04F79EFBC}") = "MIS.Be.Mediator", "src\MIS.Be.Mediator\MIS.Be.Mediator.csproj", "{743FBE1B-6DEC-4F6E-88B6-1C3E574F38BB}"
EndProject
Project("{FAE04EC0-301F-11D3-BF4B-00C04F79EFBC}") = "MIS.Be.Migrator", "src\MIS.Be.Migrator\MIS.Be.Migrator.csproj", "{0CBA880E-EDC2-4A21-A1ED-A9F51AC55C7F}"
EndProject
Project("{FAE04EC0-301F-11D3-BF4B-00C04F79EFBC}") = "MIS.Be.Demo", "src\MIS.Be.Demo\MIS.Be.Demo.csproj", "{469838B8-1196-46F8-B18F-89982B6DA3BC}"
EndProject
Project("{FAE04EC0-301F-11D3-BF4B-00C04F79EFBC}") = "MIS.Be.Application", "src\MIS.Be.Application\MIS.Be.Application.csproj", "{BC70A8C7-B80D-4F0A-9B2A-834FE72B4751}"
EndProject
Project("{FAE04EC0-301F-11D3-BF4B-00C04F79EFBC}") = "MIS.Be.Infoboard", "src\MIS.Be.Infoboard\MIS.Be.Infoboard.csproj", "{EDEB6D48-04FF-4DBA-ABD5-2F89B6BB0395}"
EndProject
Project("{FAE04EC0-301F-11D3-BF4B-00C04F79EFBC}") = "MIS.Be.Infomat", "src\MIS.Be.Infomat\MIS.Be.Infomat.csproj", "{B294CAEF-0E7A-4BAB-B1F0-CD1A9B909989}"
EndProject
Project("{FAE04EC0-301F-11D3-BF4B-00C04F79EFBC}") = "MIS.Be.Tests", "tests\MIS.Be.Tests\MIS.Be.Tests.csproj", "{1C2A2E63-6297-4175-A17A-007B8F800F76}"
EndProject
Global
	GlobalSection(SolutionConfigurationPlatforms) = preSolution
		Debug|Any CPU = Debug|Any CPU
		Demo|Any CPU = Demo|Any CPU
		Release|Any CPU = Release|Any CPU
	EndGlobalSection
	GlobalSection(ProjectConfigurationPlatforms) = postSolution
		{BE72EA58-DD14-4CE0-A06E-6D4FEA31F62B}.Debug|Any CPU.ActiveCfg = Debug|Any CPU
		{BE72EA58-DD14-4CE0-A06E-6D4FEA31F62B}.Debug|Any CPU.Build.0 = Debug|Any CPU
		{BE72EA58-DD14-4CE0-A06E-6D4FEA31F62B}.Demo|Any CPU.ActiveCfg = Demo|Any CPU
		{BE72EA58-DD14-4CE0-A06E-6D4FEA31F62B}.Demo|Any CPU.Build.0 = Demo|Any CPU
		{BE72EA58-DD14-4CE0-A06E-6D4FEA31F62B}.Release|Any CPU.ActiveCfg = Release|Any CPU
		{BE72EA58-DD14-4CE0-A06E-6D4FEA31F62B}.Release|Any CPU.Build.0 = Release|Any CPU
		{F1529FDD-53D6-4DEC-9AC6-9A65253883C1}.Debug|Any CPU.ActiveCfg = Debug|Any CPU
		{F1529FDD-53D6-4DEC-9AC6-9A65253883C1}.Debug|Any CPU.Build.0 = Debug|Any CPU
		{F1529FDD-53D6-4DEC-9AC6-9A65253883C1}.Demo|Any CPU.ActiveCfg = Demo|Any CPU
		{F1529FDD-53D6-4DEC-9AC6-9A65253883C1}.Demo|Any CPU.Build.0 = Demo|Any CPU
		{F1529FDD-53D6-4DEC-9AC6-9A65253883C1}.Release|Any CPU.ActiveCfg = Release|Any CPU
		{F1529FDD-53D6-4DEC-9AC6-9A65253883C1}.Release|Any CPU.Build.0 = Release|Any CPU
		{743FBE1B-6DEC-4F6E-88B6-1C3E574F38BB}.Debug|Any CPU.ActiveCfg = Debug|Any CPU
		{743FBE1B-6DEC-4F6E-88B6-1C3E574F38BB}.Debug|Any CPU.Build.0 = Debug|Any CPU
		{743FBE1B-6DEC-4F6E-88B6-1C3E574F38BB}.Demo|Any CPU.ActiveCfg = Debug|Any CPU
		{743FBE1B-6DEC-4F6E-88B6-1C3E574F38BB}.Demo|Any CPU.Build.0 = Debug|Any CPU
		{743FBE1B-6DEC-4F6E-88B6-1C3E574F38BB}.Release|Any CPU.ActiveCfg = Release|Any CPU
		{743FBE1B-6DEC-4F6E-88B6-1C3E574F38BB}.Release|Any CPU.Build.0 = Release|Any CPU
		{0CBA880E-EDC2-4A21-A1ED-A9F51AC55C7F}.Debug|Any CPU.ActiveCfg = Debug|Any CPU
		{0CBA880E-EDC2-4A21-A1ED-A9F51AC55C7F}.Debug|Any CPU.Build.0 = Debug|Any CPU
		{0CBA880E-EDC2-4A21-A1ED-A9F51AC55C7F}.Demo|Any CPU.ActiveCfg = Debug|Any CPU
		{0CBA880E-EDC2-4A21-A1ED-A9F51AC55C7F}.Demo|Any CPU.Build.0 = Debug|Any CPU
		{0CBA880E-EDC2-4A21-A1ED-A9F51AC55C7F}.Release|Any CPU.ActiveCfg = Release|Any CPU
		{0CBA880E-EDC2-4A21-A1ED-A9F51AC55C7F}.Release|Any CPU.Build.0 = Release|Any CPU
		{469838B8-1196-46F8-B18F-89982B6DA3BC}.Debug|Any CPU.ActiveCfg = Debug|Any CPU
		{469838B8-1196-46F8-B18F-89982B6DA3BC}.Debug|Any CPU.Build.0 = Debug|Any CPU
		{469838B8-1196-46F8-B18F-89982B6DA3BC}.Demo|Any CPU.ActiveCfg = Demo|Any CPU
		{469838B8-1196-46F8-B18F-89982B6DA3BC}.Demo|Any CPU.Build.0 = Demo|Any CPU
		{469838B8-1196-46F8-B18F-89982B6DA3BC}.Release|Any CPU.ActiveCfg = Release|Any CPU
		{469838B8-1196-46F8-B18F-89982B6DA3BC}.Release|Any CPU.Build.0 = Release|Any CPU
		{BC70A8C7-B80D-4F0A-9B2A-834FE72B4751}.Debug|Any CPU.ActiveCfg = Debug|Any CPU
		{BC70A8C7-B80D-4F0A-9B2A-834FE72B4751}.Debug|Any CPU.Build.0 = Debug|Any CPU
		{BC70A8C7-B80D-4F0A-9B2A-834FE72B4751}.Demo|Any CPU.ActiveCfg = Demo|Any CPU
		{BC70A8C7-B80D-4F0A-9B2A-834FE72B4751}.Demo|Any CPU.Build.0 = Demo|Any CPU
		{BC70A8C7-B80D-4F0A-9B2A-834FE72B4751}.Release|Any CPU.ActiveCfg = Release|Any CPU
		{BC70A8C7-B80D-4F0A-9B2A-834FE72B4751}.Release|Any CPU.Build.0 = Release|Any CPU
		{EDEB6D48-04FF-4DBA-ABD5-2F89B6BB0395}.Debug|Any CPU.ActiveCfg = Debug|Any CPU
		{EDEB6D48-04FF-4DBA-ABD5-2F89B6BB0395}.Debug|Any CPU.Build.0 = Debug|Any CPU
		{EDEB6D48-04FF-4DBA-ABD5-2F89B6BB0395}.Demo|Any CPU.ActiveCfg = Debug|Any CPU
		{EDEB6D48-04FF-4DBA-ABD5-2F89B6BB0395}.Demo|Any CPU.Build.0 = Debug|Any CPU
		{EDEB6D48-04FF-4DBA-ABD5-2F89B6BB0395}.Release|Any CPU.ActiveCfg = Release|Any CPU
		{EDEB6D48-04FF-4DBA-ABD5-2F89B6BB0395}.Release|Any CPU.Build.0 = Release|Any CPU
		{B294CAEF-0E7A-4BAB-B1F0-CD1A9B909989}.Debug|Any CPU.ActiveCfg = Debug|Any CPU
		{B294CAEF-0E7A-4BAB-B1F0-CD1A9B909989}.Debug|Any CPU.Build.0 = Debug|Any CPU
		{B294CAEF-0E7A-4BAB-B1F0-CD1A9B909989}.Demo|Any CPU.ActiveCfg = Demo|Any CPU
		{B294CAEF-0E7A-4BAB-B1F0-CD1A9B909989}.Demo|Any CPU.Build.0 = Demo|Any CPU
		{B294CAEF-0E7A-4BAB-B1F0-CD1A9B909989}.Release|Any CPU.ActiveCfg = Release|Any CPU
		{B294CAEF-0E7A-4BAB-B1F0-CD1A9B909989}.Release|Any CPU.Build.0 = Release|Any CPU
		{1C2A2E63-6297-4175-A17A-007B8F800F76}.Debug|Any CPU.ActiveCfg = Debug|Any CPU
		{1C2A2E63-6297-4175-A17A-007B8F800F76}.Debug|Any CPU.Build.0 = Debug|Any CPU
		{1C2A2E63-6297-4175-A17A-007B8F800F76}.Demo|Any CPU.ActiveCfg = Demo|Any CPU
		{1C2A2E63-6297-4175-A17A-007B8F800F76}.Demo|Any CPU.Build.0 = Demo|Any CPU
		{1C2A2E63-6297-4175-A17A-007B8F800F76}.Release|Any CPU.ActiveCfg = Release|Any CPU
		{1C2A2E63-6297-4175-A17A-007B8F800F76}.Release|Any CPU.Build.0 = Release|Any CPU
	EndGlobalSection
	GlobalSection(SolutionProperties) = preSolution
		HideSolutionNode = FALSE
	EndGlobalSection
	GlobalSection(ExtensibilityGlobals) = postSolution
		SolutionGuid = {04FE262E-A79D-4829-B346-9C16EFF8BF27}
	EndGlobalSection
	GlobalSection(NestedProjects) = preSolution
		{BE72EA58-DD14-4CE0-A06E-6D4FEA31F62B} = {BBB09BB7-3F56-4DCA-BB0B-54DA4157E27A}
		{F1529FDD-53D6-4DEC-9AC6-9A65253883C1} = {BBB09BB7-3F56-4DCA-BB0B-54DA4157E27A}
		{743FBE1B-6DEC-4F6E-88B6-1C3E574F38BB} = {BBB09BB7-3F56-4DCA-BB0B-54DA4157E27A}
		{0CBA880E-EDC2-4A21-A1ED-A9F51AC55C7F} = {BBB09BB7-3F56-4DCA-BB0B-54DA4157E27A}
		{469838B8-1196-46F8-B18F-89982B6DA3BC} = {BBB09BB7-3F56-4DCA-BB0B-54DA4157E27A}
		{BC70A8C7-B80D-4F0A-9B2A-834FE72B4751} = {BBB09BB7-3F56-4DCA-BB0B-54DA4157E27A}
		{EDEB6D48-04FF-4DBA-ABD5-2F89B6BB0395} = {BBB09BB7-3F56-4DCA-BB0B-54DA4157E27A}
		{B294CAEF-0E7A-4BAB-B1F0-CD1A9B909989} = {BBB09BB7-3F56-4DCA-BB0B-54DA4157E27A}
		{1C2A2E63-6297-4175-A17A-007B8F800F76} = {1BEBED5C-19BB-4193-8DBD-E3F404F087CF}
	EndGlobalSection
EndGlobal
