
Microsoft Visual Studio Solution File, Format Version 12.00
# Visual Studio Version 17
VisualStudioVersion = 17.2.32505.173
MinimumVisualStudioVersion = 10.0.40219.1
Project("{2150E333-8FDC-42A3-9474-1A3956D46DE8}") = "common", "common", "{B9D16BDC-A62F-497D-B891-7483EA1BE2DF}"
	ProjectSection(SolutionItems) = preProject
		Directory.Build.props = Directory.Build.props
		Directory.Build.targets = Directory.Build.targets
		README.md = README.md
		LICENSE = LICENSE
		.editorconfig = .editorconfig
	EndProjectSection
EndProject
Project("{2150E333-8FDC-42A3-9474-1A3956D46DE8}") = "src", "src", "{BBB09BB7-3F56-4DCA-BB0B-54DA4157E27A}"
EndProject
Project("{2150E333-8FDC-42A3-9474-1A3956D46DE8}") = "tests", "tests", "{1BEBED5C-19BB-4193-8DBD-E3F404F087CF}"
EndProject
Project("{FAE04EC0-301F-11D3-BF4B-00C04F79EFBC}") = "MIS.Be.Domain", "src\MIS.Be.Domain\MIS.Be.Domain.csproj", "{BE72EA58-DD14-4CE0-A06E-6D4FEA31F62B}"
EndProject
Project("{FAE04EC0-301F-11D3-BF4B-00C04F79EFBC}") = "MIS.Be.Infrastructure", "src\MIS.Be.Infrastructure\MIS.Be.Infrastructure.csproj", "{F1529FDD-53D6-4DEC-9AC6-9A65253883C1}"
EndProject
Project("{FAE04EC0-301F-11D3-BF4B-00C04F79EFBC}") = "MIS.Be.Application", "src\MIS.Be.Application\MIS.Be.Application.csproj", "{BC70A8C7-B80D-4F0A-9B2A-834FE72B4751}"
EndProject
Project("{FAE04EC0-301F-11D3-BF4B-00C04F79EFBC}") = "MIS.Be.Tests", "tests\MIS.Be.Tests\MIS.Be.Tests.csproj", "{1C2A2E63-6297-4175-A17A-007B8F800F76}"
EndProject
Project("{FAE04EC0-301F-11D3-BF4B-00C04F79EFBC}") = "MIS.Be.Presentation", "src\MIS.Be.Presentation\MIS.Be.Presentation.csproj", "{2ACB6CD0-87B9-4E21-BD1F-B2AA9D692E0B}"
EndProject
Global
	GlobalSection(SolutionConfigurationPlatforms) = preSolution
		Debug|Any CPU = Debug|Any CPU
		Release|Any CPU = Release|Any CPU
	EndGlobalSection
	GlobalSection(ProjectConfigurationPlatforms) = postSolution
		{BE72EA58-DD14-4CE0-A06E-6D4FEA31F62B}.Debug|Any CPU.ActiveCfg = Debug|Any CPU
		{BE72EA58-DD14-4CE0-A06E-6D4FEA31F62B}.Debug|Any CPU.Build.0 = Debug|Any CPU
		{BE72EA58-DD14-4CE0-A06E-6D4FEA31F62B}.Release|Any CPU.ActiveCfg = Release|Any CPU
		{BE72EA58-DD14-4CE0-A06E-6D4FEA31F62B}.Release|Any CPU.Build.0 = Release|Any CPU
		{F1529FDD-53D6-4DEC-9AC6-9A65253883C1}.Debug|Any CPU.ActiveCfg = Debug|Any CPU
		{F1529FDD-53D6-4DEC-9AC6-9A65253883C1}.Debug|Any CPU.Build.0 = Debug|Any CPU
		{F1529FDD-53D6-4DEC-9AC6-9A65253883C1}.Release|Any CPU.ActiveCfg = Release|Any CPU
		{F1529FDD-53D6-4DEC-9AC6-9A65253883C1}.Release|Any CPU.Build.0 = Release|Any CPU
		{BC70A8C7-B80D-4F0A-9B2A-834FE72B4751}.Debug|Any CPU.ActiveCfg = Debug|Any CPU
		{BC70A8C7-B80D-4F0A-9B2A-834FE72B4751}.Debug|Any CPU.Build.0 = Debug|Any CPU
		{BC70A8C7-B80D-4F0A-9B2A-834FE72B4751}.Release|Any CPU.ActiveCfg = Release|Any CPU
		{BC70A8C7-B80D-4F0A-9B2A-834FE72B4751}.Release|Any CPU.Build.0 = Release|Any CPU
		{1C2A2E63-6297-4175-A17A-007B8F800F76}.Debug|Any CPU.ActiveCfg = Debug|Any CPU
		{1C2A2E63-6297-4175-A17A-007B8F800F76}.Debug|Any CPU.Build.0 = Debug|Any CPU
		{1C2A2E63-6297-4175-A17A-007B8F800F76}.Release|Any CPU.ActiveCfg = Release|Any CPU
		{1C2A2E63-6297-4175-A17A-007B8F800F76}.Release|Any CPU.Build.0 = Release|Any CPU
		{2ACB6CD0-87B9-4E21-BD1F-B2AA9D692E0B}.Debug|Any CPU.ActiveCfg = Debug|Any CPU
		{2ACB6CD0-87B9-4E21-BD1F-B2AA9D692E0B}.Debug|Any CPU.Build.0 = Debug|Any CPU
		{2ACB6CD0-87B9-4E21-BD1F-B2AA9D692E0B}.Release|Any CPU.ActiveCfg = Release|Any CPU
		{2ACB6CD0-87B9-4E21-BD1F-B2AA9D692E0B}.Release|Any CPU.Build.0 = Release|Any CPU
	EndGlobalSection
	GlobalSection(SolutionProperties) = preSolution
		HideSolutionNode = FALSE
	EndGlobalSection
	GlobalSection(ExtensibilityGlobals) = postSolution
		SolutionGuid = {04FE262E-A79D-4829-B346-9C16EFF8BF27}
	EndGlobalSection
	GlobalSection(NestedProjects) = preSolution
		{BE72EA58-DD14-4CE0-A06E-6D4FEA31F62B} = {BBB09BB7-3F56-4DCA-BB0B-54DA4157E27A}
		{F1529FDD-53D6-4DEC-9AC6-9A65253883C1} = {BBB09BB7-3F56-4DCA-BB0B-54DA4157E27A}
		{BC70A8C7-B80D-4F0A-9B2A-834FE72B4751} = {BBB09BB7-3F56-4DCA-BB0B-54DA4157E27A}
		{1C2A2E63-6297-4175-A17A-007B8F800F76} = {1BEBED5C-19BB-4193-8DBD-E3F404F087CF}
		{2ACB6CD0-87B9-4E21-BD1F-B2AA9D692E0B} = {BBB09BB7-3F56-4DCA-BB0B-54DA4157E27A}
	EndGlobalSection
EndGlobal
